
Microsoft Visual Studio Solution File, Format Version 12.00
# Visual Studio Version 17
VisualStudioVersion = 17.0.31903.59
MinimumVisualStudioVersion = 10.0.40219.1
Project("{FAE04EC0-301F-11D3-BF4B-00C04F79EFBC}") = "AuctionSite.API", "AuctionSite.API\AuctionSite.API.csproj", "{71C9C58B-388B-4E31-8DD9-E65FE2D7DF5B}"
EndProject
Project("{FAE04EC0-301F-11D3-BF4B-00C04F79EFBC}") = "AuctionSite.Core", "AuctionSite.Core\AuctionSite.Core.csproj", "{BB37127E-97CB-4BDB-B047-487CFDCFECC5}"
EndProject
Project("{FAE04EC0-301F-11D3-BF4B-00C04F79EFBC}") = "AuctionSite.Infrastructure", "AuctionSite.Infrastructure\AuctionSite.Infrastructure.csproj", "{AD82121E-BC7A-455F-906E-A01CA55CC115}"
EndProject
Global
	GlobalSection(SolutionConfigurationPlatforms) = preSolution
		Debug|Any CPU = Debug|Any CPU
		Debug|x64 = Debug|x64
		Debug|x86 = Debug|x86
		Release|Any CPU = Release|Any CPU
		Release|x64 = Release|x64
		Release|x86 = Release|x86
	EndGlobalSection
	GlobalSection(ProjectConfigurationPlatforms) = postSolution
		{71C9C58B-388B-4E31-8DD9-E65FE2D7DF5B}.Debug|Any CPU.ActiveCfg = Debug|Any CPU
		{71C9C58B-388B-4E31-8DD9-E65FE2D7DF5B}.Debug|Any CPU.Build.0 = Debug|Any CPU
		{71C9C58B-388B-4E31-8DD9-E65FE2D7DF5B}.Debug|x64.ActiveCfg = Debug|Any CPU
		{71C9C58B-388B-4E31-8DD9-E65FE2D7DF5B}.Debug|x64.Build.0 = Debug|Any CPU
		{71C9C58B-388B-4E31-8DD9-E65FE2D7DF5B}.Debug|x86.ActiveCfg = Debug|Any CPU
		{71C9C58B-388B-4E31-8DD9-E65FE2D7DF5B}.Debug|x86.Build.0 = Debug|Any CPU
		{71C9C58B-388B-4E31-8DD9-E65FE2D7DF5B}.Release|Any CPU.ActiveCfg = Release|Any CPU
		{71C9C58B-388B-4E31-8DD9-E65FE2D7DF5B}.Release|Any CPU.Build.0 = Release|Any CPU
		{71C9C58B-388B-4E31-8DD9-E65FE2D7DF5B}.Release|x64.ActiveCfg = Release|Any CPU
		{71C9C58B-388B-4E31-8DD9-E65FE2D7DF5B}.Release|x64.Build.0 = Release|Any CPU
		{71C9C58B-388B-4E31-8DD9-E65FE2D7DF5B}.Release|x86.ActiveCfg = Release|Any CPU
		{71C9C58B-388B-4E31-8DD9-E65FE2D7DF5B}.Release|x86.Build.0 = Release|Any CPU
		{BB37127E-97CB-4BDB-B047-487CFDCFECC5}.Debug|Any CPU.ActiveCfg = Debug|Any CPU
		{BB37127E-97CB-4BDB-B047-487CFDCFECC5}.Debug|Any CPU.Build.0 = Debug|Any CPU
		{BB37127E-97CB-4BDB-B047-487CFDCFECC5}.Debug|x64.ActiveCfg = Debug|Any CPU
		{BB37127E-97CB-4BDB-B047-487CFDCFECC5}.Debug|x64.Build.0 = Debug|Any CPU
		{BB37127E-97CB-4BDB-B047-487CFDCFECC5}.Debug|x86.ActiveCfg = Debug|Any CPU
		{BB37127E-97CB-4BDB-B047-487CFDCFECC5}.Debug|x86.Build.0 = Debug|Any CPU
		{BB37127E-97CB-4BDB-B047-487CFDCFECC5}.Release|Any CPU.ActiveCfg = Release|Any CPU
		{BB37127E-97CB-4BDB-B047-487CFDCFECC5}.Release|Any CPU.Build.0 = Release|Any CPU
		{BB37127E-97CB-4BDB-B047-487CFDCFECC5}.Release|x64.ActiveCfg = Release|Any CPU
		{BB37127E-97CB-4BDB-B047-487CFDCFECC5}.Release|x64.Build.0 = Release|Any CPU
		{BB37127E-97CB-4BDB-B047-487CFDCFECC5}.Release|x86.ActiveCfg = Release|Any CPU
		{BB37127E-97CB-4BDB-B047-487CFDCFECC5}.Release|x86.Build.0 = Release|Any CPU
		{AD82121E-BC7A-455F-906E-A01CA55CC115}.Debug|Any CPU.ActiveCfg = Debug|Any CPU
		{AD82121E-BC7A-455F-906E-A01CA55CC115}.Debug|Any CPU.Build.0 = Debug|Any CPU
		{AD82121E-BC7A-455F-906E-A01CA55CC115}.Debug|x64.ActiveCfg = Debug|Any CPU
		{AD82121E-BC7A-455F-906E-A01CA55CC115}.Debug|x64.Build.0 = Debug|Any CPU
		{AD82121E-BC7A-455F-906E-A01CA55CC115}.Debug|x86.ActiveCfg = Debug|Any CPU
		{AD82121E-BC7A-455F-906E-A01CA55CC115}.Debug|x86.Build.0 = Debug|Any CPU
		{AD82121E-BC7A-455F-906E-A01CA55CC115}.Release|Any CPU.ActiveCfg = Release|Any CPU
		{AD82121E-BC7A-455F-906E-A01CA55CC115}.Release|Any CPU.Build.0 = Release|Any CPU
		{AD82121E-BC7A-455F-906E-A01CA55CC115}.Release|x64.ActiveCfg = Release|Any CPU
		{AD82121E-BC7A-455F-906E-A01CA55CC115}.Release|x64.Build.0 = Release|Any CPU
		{AD82121E-BC7A-455F-906E-A01CA55CC115}.Release|x86.ActiveCfg = Release|Any CPU
		{AD82121E-BC7A-455F-906E-A01CA55CC115}.Release|x86.Build.0 = Release|Any CPU
	EndGlobalSection
	GlobalSection(SolutionProperties) = preSolution
		HideSolutionNode = FALSE
	EndGlobalSection
EndGlobal
